
Microsoft Visual Studio Solution File, Format Version 12.00
# Visual Studio Version 17
VisualStudioVersion = 17.4.33213.308
MinimumVisualStudioVersion = 10.0.40219.1
Project("{FAE04EC0-301F-11D3-BF4B-00C04F79EFBC}") = "BuildingGen", "BuildingGen\BuildingGen.csproj", "{7CD51D67-7B25-42CF-9D25-B0F380D52B7E}"
EndProject
Global
	GlobalSection(SolutionConfigurationPlatforms) = preSolution
		Debug|Any CPU = Debug|Any CPU
		Release|Any CPU = Release|Any CPU
	EndGlobalSection
	GlobalSection(ProjectConfigurationPlatforms) = postSolution
		{7CD51D67-7B25-42CF-9D25-B0F380D52B7E}.Debug|Any CPU.ActiveCfg = Debug|Any CPU
		{7CD51D67-7B25-42CF-9D25-B0F380D52B7E}.Debug|Any CPU.Build.0 = Debug|Any CPU
		{7CD51D67-7B25-42CF-9D25-B0F380D52B7E}.Release|Any CPU.ActiveCfg = Release|Any CPU
		{7CD51D67-7B25-42CF-9D25-B0F380D52B7E}.Release|Any CPU.Build.0 = Release|Any CPU
	EndGlobalSection
	GlobalSection(SolutionProperties) = preSolution
		HideSolutionNode = FALSE
	EndGlobalSection
	GlobalSection(ExtensibilityGlobals) = postSolution
		SolutionGuid = {049CE487-A620-4A0A-A241-4E6C31791905}
	EndGlobalSection
EndGlobal
